
Microsoft Visual Studio Solution File, Format Version 12.00
# Visual Studio Version 16
VisualStudioVersion = 16.0.30804.86
MinimumVisualStudioVersion = 10.0.40219.1
Project("{F1F55DD6-4A08-422B-9996-1A3B0D5661B5}") = "plugin_rpg_maker", "plugin_rpg_maker\plugin_rpg_maker.csproj", "{45811BC5-4612-4F35-AAEE-53347B1424C6}"
EndProject
Global
	GlobalSection(SolutionConfigurationPlatforms) = preSolution
		Debug|Any CPU = Debug|Any CPU
		Release|Any CPU = Release|Any CPU
	EndGlobalSection
	GlobalSection(ProjectConfigurationPlatforms) = postSolution
		{45811BC5-4612-4F35-AAEE-53347B1424C6}.Debug|Any CPU.ActiveCfg = Debug|Any CPU
		{45811BC5-4612-4F35-AAEE-53347B1424C6}.Debug|Any CPU.Build.0 = Debug|Any CPU
		{45811BC5-4612-4F35-AAEE-53347B1424C6}.Release|Any CPU.ActiveCfg = Release|Any CPU
		{45811BC5-4612-4F35-AAEE-53347B1424C6}.Release|Any CPU.Build.0 = Release|Any CPU
	EndGlobalSection
	GlobalSection(SolutionProperties) = preSolution
		HideSolutionNode = FALSE
	EndGlobalSection
	GlobalSection(ExtensibilityGlobals) = postSolution
		SolutionGuid = {249AD7A6-A250-45C4-A098-522B2FF2C04D}
	EndGlobalSection
EndGlobal
