
Microsoft Visual Studio Solution File, Format Version 12.00
# Visual Studio Version 16
VisualStudioVersion = 16.0.30804.86
MinimumVisualStudioVersion = 10.0.40219.1
Project("{FAE04EC0-301F-11D3-BF4B-00C04F79EFBC}") = "plugin_primula", "plugin_primula\plugin_primula.csproj", "{767B7E8C-0838-44EA-94B1-5C8D7A65DF0B}"
EndProject
Global
	GlobalSection(SolutionConfigurationPlatforms) = preSolution
		Debug|Any CPU = Debug|Any CPU
		Release|Any CPU = Release|Any CPU
	EndGlobalSection
	GlobalSection(ProjectConfigurationPlatforms) = postSolution
		{767B7E8C-0838-44EA-94B1-5C8D7A65DF0B}.Debug|Any CPU.ActiveCfg = Debug|Any CPU
		{767B7E8C-0838-44EA-94B1-5C8D7A65DF0B}.Debug|Any CPU.Build.0 = Debug|Any CPU
		{767B7E8C-0838-44EA-94B1-5C8D7A65DF0B}.Release|Any CPU.ActiveCfg = Release|Any CPU
		{767B7E8C-0838-44EA-94B1-5C8D7A65DF0B}.Release|Any CPU.Build.0 = Release|Any CPU
	EndGlobalSection
	GlobalSection(SolutionProperties) = preSolution
		HideSolutionNode = FALSE
	EndGlobalSection
	GlobalSection(ExtensibilityGlobals) = postSolution
		SolutionGuid = {F3052C5E-DB8B-4A15-9FAF-5B41836B82BD}
	EndGlobalSection
EndGlobal
