
Microsoft Visual Studio Solution File, Format Version 12.00
# Visual Studio Version 16
VisualStudioVersion = 16.0.30309.148
MinimumVisualStudioVersion = 10.0.40219.1
Project("{9A19103F-16F7-4668-BE54-9A1E7A4F7556}") = "plugin_sony", "plugin_sony\plugin_sony.csproj", "{C9E9AE24-608D-44F3-960D-EB2117590DA4}"
EndProject
Global
	GlobalSection(SolutionConfigurationPlatforms) = preSolution
		Debug|Any CPU = Debug|Any CPU
		Release|Any CPU = Release|Any CPU
	EndGlobalSection
	GlobalSection(ProjectConfigurationPlatforms) = postSolution
		{C9E9AE24-608D-44F3-960D-EB2117590DA4}.Debug|Any CPU.ActiveCfg = Debug|Any CPU
		{C9E9AE24-608D-44F3-960D-EB2117590DA4}.Debug|Any CPU.Build.0 = Debug|Any CPU
		{C9E9AE24-608D-44F3-960D-EB2117590DA4}.Release|Any CPU.ActiveCfg = Release|Any CPU
		{C9E9AE24-608D-44F3-960D-EB2117590DA4}.Release|Any CPU.Build.0 = Release|Any CPU
	EndGlobalSection
	GlobalSection(SolutionProperties) = preSolution
		HideSolutionNode = FALSE
	EndGlobalSection
	GlobalSection(ExtensibilityGlobals) = postSolution
		SolutionGuid = {6EF8525F-395E-42A8-B596-A58A0D4F34F9}
	EndGlobalSection
EndGlobal
