
Microsoft Visual Studio Solution File, Format Version 12.00
# Visual Studio 15
VisualStudioVersion = 15.0.28010.2046
MinimumVisualStudioVersion = 10.0.40219.1
Project("{FAE04EC0-301F-11D3-BF4B-00C04F79EFBC}") = "plugin_sony_images", "plugin_sony_images\plugin_sony_images.csproj", "{4CBEE890-FDAA-4941-8692-FD52ED7B57C5}"
EndProject
Global
	GlobalSection(SolutionConfigurationPlatforms) = preSolution
		Debug|Any CPU = Debug|Any CPU
		Release|Any CPU = Release|Any CPU
	EndGlobalSection
	GlobalSection(ProjectConfigurationPlatforms) = postSolution
		{4CBEE890-FDAA-4941-8692-FD52ED7B57C5}.Debug|Any CPU.ActiveCfg = Debug|Any CPU
		{4CBEE890-FDAA-4941-8692-FD52ED7B57C5}.Debug|Any CPU.Build.0 = Debug|Any CPU
		{4CBEE890-FDAA-4941-8692-FD52ED7B57C5}.Release|Any CPU.ActiveCfg = Release|Any CPU
		{4CBEE890-FDAA-4941-8692-FD52ED7B57C5}.Release|Any CPU.Build.0 = Release|Any CPU
	EndGlobalSection
	GlobalSection(SolutionProperties) = preSolution
		HideSolutionNode = FALSE
	EndGlobalSection
	GlobalSection(ExtensibilityGlobals) = postSolution
		SolutionGuid = {6EF8525F-395E-42A8-B596-A58A0D4F34F9}
	EndGlobalSection
EndGlobal
