
Microsoft Visual Studio Solution File, Format Version 12.00
# Visual Studio 15
VisualStudioVersion = 15.0.27130.2026
MinimumVisualStudioVersion = 10.0.40219.1
Project("{2150E333-8FDC-42A3-9474-1A3956D46DE8}") = "Solution Items", "Solution Items", "{466B2F75-000A-484E-A279-0A2B4548B0D6}"
	ProjectSection(SolutionItems) = preProject
		.gitattributes = .gitattributes
		.gitignore = .gitignore
		README.md = README.md
	EndProjectSection
EndProject
Project("{FAE04EC0-301F-11D3-BF4B-00C04F79EFBC}") = "Kuriimu2", "src\Kuriimu2\Kuriimu2.csproj", "{F6675105-6585-4FD2-A50F-355C14BB3D8E}"
EndProject
Project("{FAE04EC0-301F-11D3-BF4B-00C04F79EFBC}") = "Kontract", "src\Kontract\Kontract.csproj", "{A43ECC92-DC90-4F79-9871-49E02A11ADAD}"
EndProject
Project("{FAE04EC0-301F-11D3-BF4B-00C04F79EFBC}") = "Komponent", "src\Komponent\Komponent.csproj", "{0601DFC5-60DD-44A3-AFF8-A62E1E1481DB}"
EndProject
Project("{FAE04EC0-301F-11D3-BF4B-00C04F79EFBC}") = "Kore", "src\Kore\Kore.csproj", "{013E1380-0D62-4018-8F55-9129275FDE85}"
EndProject
Project("{FAE04EC0-301F-11D3-BF4B-00C04F79EFBC}") = "Kanvas", "src\Kanvas\Kanvas.csproj", "{810CEFCF-6900-43FF-8939-EF2D52236882}"
EndProject
Project("{FAE04EC0-301F-11D3-BF4B-00C04F79EFBC}") = "Kryptography", "src\Kryptography\Kryptography.csproj", "{B0D44561-33F6-4BD0-8617-537DF06E2AAB}"
EndProject
Project("{FAE04EC0-301F-11D3-BF4B-00C04F79EFBC}") = "KomponentUnitTests", "src\KomponentUnitTests\KomponentUnitTests.csproj", "{3559F9D4-95B8-4DA6-B5C5-91455E637D5E}"
EndProject
Project("{FAE04EC0-301F-11D3-BF4B-00C04F79EFBC}") = "KoreUnitTests", "src\KoreUnitTests\KoreUnitTests.csproj", "{3DFF2F4A-22BC-4A73-9343-0CE5137E1815}"
EndProject
Project("{FAE04EC0-301F-11D3-BF4B-00C04F79EFBC}") = "Kuriimu2_WinForms", "src\Kuriimu2_WinForms\Kuriimu2_WinForms.csproj", "{0BD4CBA2-FEA2-42A1-92E0-FB7BA4F389C4}"
EndProject
Project("{FAE04EC0-301F-11D3-BF4B-00C04F79EFBC}") = "KontractUnitTests", "src\KontractUnitTests\KontractUnitTests.csproj", "{6A4F77ED-FA75-403D-9E6B-C8ABDAFD13EF}"
EndProject
Project("{9A19103F-16F7-4668-BE54-9A1E7A4F7556}") = "KryptographyUnitTests", "src\KryptographyUnitTests\KryptographyUnitTests.csproj", "{289420A9-552B-46B2-84B6-BFA48D408951}"
EndProject
Project("{FAE04EC0-301F-11D3-BF4B-00C04F79EFBC}") = "KanvasUnitTests", "src\KanvasUnitTests\KanvasUnitTests.csproj", "{8A597CA9-7313-45C4-A242-83BB86C19CAA}"
EndProject
Global
	GlobalSection(SolutionConfigurationPlatforms) = preSolution
		Debug|Any CPU = Debug|Any CPU
		Release|Any CPU = Release|Any CPU
	EndGlobalSection
	GlobalSection(ProjectConfigurationPlatforms) = postSolution
		{F6675105-6585-4FD2-A50F-355C14BB3D8E}.Debug|Any CPU.ActiveCfg = Debug|Any CPU
		{F6675105-6585-4FD2-A50F-355C14BB3D8E}.Debug|Any CPU.Build.0 = Debug|Any CPU
		{F6675105-6585-4FD2-A50F-355C14BB3D8E}.Release|Any CPU.ActiveCfg = Release|Any CPU
		{F6675105-6585-4FD2-A50F-355C14BB3D8E}.Release|Any CPU.Build.0 = Release|Any CPU
		{A43ECC92-DC90-4F79-9871-49E02A11ADAD}.Debug|Any CPU.ActiveCfg = Debug|Any CPU
		{A43ECC92-DC90-4F79-9871-49E02A11ADAD}.Debug|Any CPU.Build.0 = Debug|Any CPU
		{A43ECC92-DC90-4F79-9871-49E02A11ADAD}.Release|Any CPU.ActiveCfg = Release|Any CPU
		{A43ECC92-DC90-4F79-9871-49E02A11ADAD}.Release|Any CPU.Build.0 = Release|Any CPU
		{0601DFC5-60DD-44A3-AFF8-A62E1E1481DB}.Debug|Any CPU.ActiveCfg = Debug|Any CPU
		{0601DFC5-60DD-44A3-AFF8-A62E1E1481DB}.Debug|Any CPU.Build.0 = Debug|Any CPU
		{0601DFC5-60DD-44A3-AFF8-A62E1E1481DB}.Release|Any CPU.ActiveCfg = Release|Any CPU
		{0601DFC5-60DD-44A3-AFF8-A62E1E1481DB}.Release|Any CPU.Build.0 = Release|Any CPU
		{013E1380-0D62-4018-8F55-9129275FDE85}.Debug|Any CPU.ActiveCfg = Debug|Any CPU
		{013E1380-0D62-4018-8F55-9129275FDE85}.Debug|Any CPU.Build.0 = Debug|Any CPU
		{013E1380-0D62-4018-8F55-9129275FDE85}.Release|Any CPU.ActiveCfg = Release|Any CPU
		{013E1380-0D62-4018-8F55-9129275FDE85}.Release|Any CPU.Build.0 = Release|Any CPU
		{810CEFCF-6900-43FF-8939-EF2D52236882}.Debug|Any CPU.ActiveCfg = Debug|Any CPU
		{810CEFCF-6900-43FF-8939-EF2D52236882}.Debug|Any CPU.Build.0 = Debug|Any CPU
		{810CEFCF-6900-43FF-8939-EF2D52236882}.Release|Any CPU.ActiveCfg = Release|Any CPU
		{810CEFCF-6900-43FF-8939-EF2D52236882}.Release|Any CPU.Build.0 = Release|Any CPU
		{B0D44561-33F6-4BD0-8617-537DF06E2AAB}.Debug|Any CPU.ActiveCfg = Debug|Any CPU
		{B0D44561-33F6-4BD0-8617-537DF06E2AAB}.Debug|Any CPU.Build.0 = Debug|Any CPU
		{B0D44561-33F6-4BD0-8617-537DF06E2AAB}.Release|Any CPU.ActiveCfg = Release|Any CPU
		{B0D44561-33F6-4BD0-8617-537DF06E2AAB}.Release|Any CPU.Build.0 = Release|Any CPU
		{3559F9D4-95B8-4DA6-B5C5-91455E637D5E}.Debug|Any CPU.ActiveCfg = Debug|Any CPU
		{3559F9D4-95B8-4DA6-B5C5-91455E637D5E}.Debug|Any CPU.Build.0 = Debug|Any CPU
		{3559F9D4-95B8-4DA6-B5C5-91455E637D5E}.Release|Any CPU.ActiveCfg = Release|Any CPU
		{3559F9D4-95B8-4DA6-B5C5-91455E637D5E}.Release|Any CPU.Build.0 = Release|Any CPU
		{3DFF2F4A-22BC-4A73-9343-0CE5137E1815}.Debug|Any CPU.ActiveCfg = Debug|Any CPU
		{3DFF2F4A-22BC-4A73-9343-0CE5137E1815}.Release|Any CPU.ActiveCfg = Release|Any CPU
		{3DFF2F4A-22BC-4A73-9343-0CE5137E1815}.Release|Any CPU.Build.0 = Release|Any CPU
		{0BD4CBA2-FEA2-42A1-92E0-FB7BA4F389C4}.Debug|Any CPU.ActiveCfg = Debug|Any CPU
		{0BD4CBA2-FEA2-42A1-92E0-FB7BA4F389C4}.Debug|Any CPU.Build.0 = Debug|Any CPU
		{0BD4CBA2-FEA2-42A1-92E0-FB7BA4F389C4}.Release|Any CPU.ActiveCfg = Release|Any CPU
		{0BD4CBA2-FEA2-42A1-92E0-FB7BA4F389C4}.Release|Any CPU.Build.0 = Release|Any CPU
		{6A4F77ED-FA75-403D-9E6B-C8ABDAFD13EF}.Debug|Any CPU.ActiveCfg = Debug|Any CPU
		{6A4F77ED-FA75-403D-9E6B-C8ABDAFD13EF}.Debug|Any CPU.Build.0 = Debug|Any CPU
		{6A4F77ED-FA75-403D-9E6B-C8ABDAFD13EF}.Release|Any CPU.ActiveCfg = Release|Any CPU
		{6A4F77ED-FA75-403D-9E6B-C8ABDAFD13EF}.Release|Any CPU.Build.0 = Release|Any CPU
		{289420A9-552B-46B2-84B6-BFA48D408951}.Debug|Any CPU.ActiveCfg = Debug|Any CPU
		{289420A9-552B-46B2-84B6-BFA48D408951}.Debug|Any CPU.Build.0 = Debug|Any CPU
		{289420A9-552B-46B2-84B6-BFA48D408951}.Release|Any CPU.ActiveCfg = Release|Any CPU
		{289420A9-552B-46B2-84B6-BFA48D408951}.Release|Any CPU.Build.0 = Release|Any CPU
		{8A597CA9-7313-45C4-A242-83BB86C19CAA}.Debug|Any CPU.ActiveCfg = Debug|Any CPU
		{8A597CA9-7313-45C4-A242-83BB86C19CAA}.Debug|Any CPU.Build.0 = Debug|Any CPU
		{8A597CA9-7313-45C4-A242-83BB86C19CAA}.Release|Any CPU.ActiveCfg = Release|Any CPU
		{8A597CA9-7313-45C4-A242-83BB86C19CAA}.Release|Any CPU.Build.0 = Release|Any CPU
	EndGlobalSection
	GlobalSection(SolutionProperties) = preSolution
		HideSolutionNode = FALSE
	EndGlobalSection
	GlobalSection(ExtensibilityGlobals) = postSolution
		SolutionGuid = {BD93AB4B-CC36-4480-8731-F3BC9BD4A239}
	EndGlobalSection
EndGlobal
