
Microsoft Visual Studio Solution File, Format Version 12.00
# Visual Studio Version 16
VisualStudioVersion = 16.0.30309.148
MinimumVisualStudioVersion = 10.0.40219.1
Project("{9A19103F-16F7-4668-BE54-9A1E7A4F7556}") = "Kuriimu2.Cmd", "src\ui\Kuriimu2.Cmd\Kuriimu2.Cmd.csproj", "{8E7A4282-69C0-4B2C-A6BB-8FB911C4C7AD}"
EndProject
Project("{9A19103F-16F7-4668-BE54-9A1E7A4F7556}") = "Kore", "src\lib\Kore\Kore.csproj", "{EBE06411-E1A8-4B6D-AF70-06CD303F4233}"
EndProject
Project("{9A19103F-16F7-4668-BE54-9A1E7A4F7556}") = "Kontract", "src\lib\Kontract\Kontract.csproj", "{153D2925-0369-4106-B638-A9620CE941AD}"
EndProject
Project("{9A19103F-16F7-4668-BE54-9A1E7A4F7556}") = "Kanvas", "src\lib\Kanvas\Kanvas.csproj", "{9A8973C9-88EF-425E-A57E-69142E0C1769}"
EndProject
Project("{9A19103F-16F7-4668-BE54-9A1E7A4F7556}") = "Kryptography", "src\lib\Kryptography\Kryptography.csproj", "{CCD46517-6ECD-4383-8EDC-8B084C4AD7B0}"
EndProject
Project("{9A19103F-16F7-4668-BE54-9A1E7A4F7556}") = "Kompression", "src\lib\Kompression\Kompression.csproj", "{4CB24D2A-692D-4DDB-AB32-0D51D462EACD}"
EndProject
Project("{9A19103F-16F7-4668-BE54-9A1E7A4F7556}") = "Komponent", "src\lib\Komponent\Komponent.csproj", "{3A49D9D4-B1E3-47E4-8A44-0F81727A6D73}"
EndProject
Global
	GlobalSection(SolutionConfigurationPlatforms) = preSolution
		Debug|Any CPU = Debug|Any CPU
		Release|Any CPU = Release|Any CPU
	EndGlobalSection
	GlobalSection(ProjectConfigurationPlatforms) = postSolution
		{8E7A4282-69C0-4B2C-A6BB-8FB911C4C7AD}.Debug|Any CPU.ActiveCfg = Debug|Any CPU
		{8E7A4282-69C0-4B2C-A6BB-8FB911C4C7AD}.Debug|Any CPU.Build.0 = Debug|Any CPU
		{8E7A4282-69C0-4B2C-A6BB-8FB911C4C7AD}.Release|Any CPU.ActiveCfg = Release|Any CPU
		{8E7A4282-69C0-4B2C-A6BB-8FB911C4C7AD}.Release|Any CPU.Build.0 = Release|Any CPU
		{EBE06411-E1A8-4B6D-AF70-06CD303F4233}.Debug|Any CPU.ActiveCfg = Debug|Any CPU
		{EBE06411-E1A8-4B6D-AF70-06CD303F4233}.Debug|Any CPU.Build.0 = Debug|Any CPU
		{EBE06411-E1A8-4B6D-AF70-06CD303F4233}.Release|Any CPU.ActiveCfg = Release|Any CPU
		{EBE06411-E1A8-4B6D-AF70-06CD303F4233}.Release|Any CPU.Build.0 = Release|Any CPU
		{153D2925-0369-4106-B638-A9620CE941AD}.Debug|Any CPU.ActiveCfg = Debug|Any CPU
		{153D2925-0369-4106-B638-A9620CE941AD}.Debug|Any CPU.Build.0 = Debug|Any CPU
		{153D2925-0369-4106-B638-A9620CE941AD}.Release|Any CPU.ActiveCfg = Release|Any CPU
		{153D2925-0369-4106-B638-A9620CE941AD}.Release|Any CPU.Build.0 = Release|Any CPU
		{9A8973C9-88EF-425E-A57E-69142E0C1769}.Debug|Any CPU.ActiveCfg = Debug|Any CPU
		{9A8973C9-88EF-425E-A57E-69142E0C1769}.Debug|Any CPU.Build.0 = Debug|Any CPU
		{9A8973C9-88EF-425E-A57E-69142E0C1769}.Release|Any CPU.ActiveCfg = Release|Any CPU
		{9A8973C9-88EF-425E-A57E-69142E0C1769}.Release|Any CPU.Build.0 = Release|Any CPU
		{CCD46517-6ECD-4383-8EDC-8B084C4AD7B0}.Debug|Any CPU.ActiveCfg = Debug|Any CPU
		{CCD46517-6ECD-4383-8EDC-8B084C4AD7B0}.Debug|Any CPU.Build.0 = Debug|Any CPU
		{CCD46517-6ECD-4383-8EDC-8B084C4AD7B0}.Release|Any CPU.ActiveCfg = Release|Any CPU
		{CCD46517-6ECD-4383-8EDC-8B084C4AD7B0}.Release|Any CPU.Build.0 = Release|Any CPU
		{4CB24D2A-692D-4DDB-AB32-0D51D462EACD}.Debug|Any CPU.ActiveCfg = Debug|Any CPU
		{4CB24D2A-692D-4DDB-AB32-0D51D462EACD}.Debug|Any CPU.Build.0 = Debug|Any CPU
		{4CB24D2A-692D-4DDB-AB32-0D51D462EACD}.Release|Any CPU.ActiveCfg = Release|Any CPU
		{4CB24D2A-692D-4DDB-AB32-0D51D462EACD}.Release|Any CPU.Build.0 = Release|Any CPU
		{3A49D9D4-B1E3-47E4-8A44-0F81727A6D73}.Debug|Any CPU.ActiveCfg = Debug|Any CPU
		{3A49D9D4-B1E3-47E4-8A44-0F81727A6D73}.Debug|Any CPU.Build.0 = Debug|Any CPU
		{3A49D9D4-B1E3-47E4-8A44-0F81727A6D73}.Release|Any CPU.ActiveCfg = Release|Any CPU
		{3A49D9D4-B1E3-47E4-8A44-0F81727A6D73}.Release|Any CPU.Build.0 = Release|Any CPU
	EndGlobalSection
	GlobalSection(SolutionProperties) = preSolution
		HideSolutionNode = FALSE
	EndGlobalSection
	GlobalSection(ExtensibilityGlobals) = postSolution
		SolutionGuid = {12FE62A5-8AA5-45CD-A129-DF44C0775252}
	EndGlobalSection
EndGlobal
