
Microsoft Visual Studio Solution File, Format Version 12.00
# Visual Studio Version 17
VisualStudioVersion = 17.13.35825.156 d17.13
MinimumVisualStudioVersion = 10.0.40219.1
Project("{9A19103F-16F7-4668-BE54-9A1E7A4F7556}") = "Kuriimu2.Cmd", "src\ui\Kuriimu2.Cmd\Kuriimu2.Cmd.csproj", "{8E7A4282-69C0-4B2C-A6BB-8FB911C4C7AD}"
EndProject
Project("{2150E333-8FDC-42A3-9474-1A3956D46DE8}") = "Libraries", "Libraries", "{02EA681E-C7D8-13C7-8484-4AC65E1B71E8}"
EndProject
Project("{2150E333-8FDC-42A3-9474-1A3956D46DE8}") = "Konnect", "Konnect", "{08C45EE2-22F3-4676-8380-7403FF65E917}"
EndProject
Project("{2150E333-8FDC-42A3-9474-1A3956D46DE8}") = "Kanvas", "Kanvas", "{DF5EB8C8-2BA0-49D9-8810-3A8E1BB8B129}"
EndProject
Project("{2150E333-8FDC-42A3-9474-1A3956D46DE8}") = "Kompression", "Kompression", "{C2D3047D-242E-4F86-B39A-D21742E30925}"
EndProject
Project("{2150E333-8FDC-42A3-9474-1A3956D46DE8}") = "Kryptography", "Kryptography", "{11B6C1F1-D7B7-43F4-B16B-DAF3A1164897}"
EndProject
Project("{2150E333-8FDC-42A3-9474-1A3956D46DE8}") = "Kaligraphy", "Kaligraphy", "{33932A40-314F-4D7A-BD90-1527E5D41E38}"
EndProject
Project("{2150E333-8FDC-42A3-9474-1A3956D46DE8}") = "Komponent", "Komponent", "{11FDA6BA-0713-4E4A-A69B-56EB0E775AC5}"
EndProject
Project("{FAE04EC0-301F-11D3-BF4B-00C04F79EFBC}") = "Kaligraphy", "src\lib\Kaligraphy\Kaligraphy.csproj", "{0F25EA59-8E87-F0C0-3675-76F4CAE843C2}"
EndProject
Project("{FAE04EC0-301F-11D3-BF4B-00C04F79EFBC}") = "Kaligraphy.Contract", "src\lib\Kaligraphy.Contract\Kaligraphy.Contract.csproj", "{36984AED-FF74-ABA2-BC96-4101190C6758}"
EndProject
Project("{FAE04EC0-301F-11D3-BF4B-00C04F79EFBC}") = "Kanvas.Contract", "src\lib\Kanvas.Contract\Kanvas.Contract.csproj", "{49E6B49B-1C0D-311B-975C-96BB940E6926}"
EndProject
Project("{FAE04EC0-301F-11D3-BF4B-00C04F79EFBC}") = "Kanvas", "src\lib\Kanvas\Kanvas.csproj", "{8A59084E-7929-3547-A796-778AD02EDB04}"
EndProject
Project("{FAE04EC0-301F-11D3-BF4B-00C04F79EFBC}") = "Komponent.Contract", "src\lib\Komponent.Contract\Komponent.Contract.csproj", "{3F661A4A-C594-9141-8BA8-81006B09DEF1}"
EndProject
Project("{FAE04EC0-301F-11D3-BF4B-00C04F79EFBC}") = "Komponent", "src\lib\Komponent\Komponent.csproj", "{0D2127A2-1789-2EA6-C8F9-7079458380A0}"
EndProject
Project("{FAE04EC0-301F-11D3-BF4B-00C04F79EFBC}") = "Kompression.Contract", "src\lib\Kompression.Contract\Kompression.Contract.csproj", "{E400127B-AB64-4845-B903-AD2E8FF03E17}"
EndProject
Project("{FAE04EC0-301F-11D3-BF4B-00C04F79EFBC}") = "Kompression", "src\lib\Kompression\Kompression.csproj", "{A73B67DC-8A33-EF5D-F081-4F51F7A068C1}"
EndProject
Project("{FAE04EC0-301F-11D3-BF4B-00C04F79EFBC}") = "Konnect.Contract", "src\lib\Konnect.Contract\Konnect.Contract.csproj", "{96D0A672-5FB0-17BA-C45B-E1453DD12577}"
EndProject
Project("{FAE04EC0-301F-11D3-BF4B-00C04F79EFBC}") = "Konnect", "src\lib\Konnect\Konnect.csproj", "{038AF512-B2CA-70A0-26BB-7B8F7D1E5ECF}"
EndProject
Project("{FAE04EC0-301F-11D3-BF4B-00C04F79EFBC}") = "Kryptography.Contract", "src\lib\Kryptography.Contract\Kryptography.Contract.csproj", "{D6C183FA-8C8E-59EB-31D7-AEE9906A205F}"
EndProject
Project("{FAE04EC0-301F-11D3-BF4B-00C04F79EFBC}") = "Kryptography", "src\lib\Kryptography\Kryptography.csproj", "{C90F079B-0A92-2D81-7177-A590E0E740C2}"
EndProject
Global
	GlobalSection(SolutionConfigurationPlatforms) = preSolution
		Debug|Any CPU = Debug|Any CPU
		Release|Any CPU = Release|Any CPU
	EndGlobalSection
	GlobalSection(ProjectConfigurationPlatforms) = postSolution
		{8E7A4282-69C0-4B2C-A6BB-8FB911C4C7AD}.Debug|Any CPU.ActiveCfg = Debug|Any CPU
		{8E7A4282-69C0-4B2C-A6BB-8FB911C4C7AD}.Debug|Any CPU.Build.0 = Debug|Any CPU
		{8E7A4282-69C0-4B2C-A6BB-8FB911C4C7AD}.Release|Any CPU.ActiveCfg = Release|Any CPU
		{8E7A4282-69C0-4B2C-A6BB-8FB911C4C7AD}.Release|Any CPU.Build.0 = Release|Any CPU
		{0F25EA59-8E87-F0C0-3675-76F4CAE843C2}.Debug|Any CPU.ActiveCfg = Debug|Any CPU
		{0F25EA59-8E87-F0C0-3675-76F4CAE843C2}.Debug|Any CPU.Build.0 = Debug|Any CPU
		{0F25EA59-8E87-F0C0-3675-76F4CAE843C2}.Release|Any CPU.ActiveCfg = Release|Any CPU
		{0F25EA59-8E87-F0C0-3675-76F4CAE843C2}.Release|Any CPU.Build.0 = Release|Any CPU
		{36984AED-FF74-ABA2-BC96-4101190C6758}.Debug|Any CPU.ActiveCfg = Debug|Any CPU
		{36984AED-FF74-ABA2-BC96-4101190C6758}.Debug|Any CPU.Build.0 = Debug|Any CPU
		{36984AED-FF74-ABA2-BC96-4101190C6758}.Release|Any CPU.ActiveCfg = Release|Any CPU
		{36984AED-FF74-ABA2-BC96-4101190C6758}.Release|Any CPU.Build.0 = Release|Any CPU
		{49E6B49B-1C0D-311B-975C-96BB940E6926}.Debug|Any CPU.ActiveCfg = Debug|Any CPU
		{49E6B49B-1C0D-311B-975C-96BB940E6926}.Debug|Any CPU.Build.0 = Debug|Any CPU
		{49E6B49B-1C0D-311B-975C-96BB940E6926}.Release|Any CPU.ActiveCfg = Release|Any CPU
		{49E6B49B-1C0D-311B-975C-96BB940E6926}.Release|Any CPU.Build.0 = Release|Any CPU
		{8A59084E-7929-3547-A796-778AD02EDB04}.Debug|Any CPU.ActiveCfg = Debug|Any CPU
		{8A59084E-7929-3547-A796-778AD02EDB04}.Debug|Any CPU.Build.0 = Debug|Any CPU
		{8A59084E-7929-3547-A796-778AD02EDB04}.Release|Any CPU.ActiveCfg = Release|Any CPU
		{8A59084E-7929-3547-A796-778AD02EDB04}.Release|Any CPU.Build.0 = Release|Any CPU
		{3F661A4A-C594-9141-8BA8-81006B09DEF1}.Debug|Any CPU.ActiveCfg = Debug|Any CPU
		{3F661A4A-C594-9141-8BA8-81006B09DEF1}.Debug|Any CPU.Build.0 = Debug|Any CPU
		{3F661A4A-C594-9141-8BA8-81006B09DEF1}.Release|Any CPU.ActiveCfg = Release|Any CPU
		{3F661A4A-C594-9141-8BA8-81006B09DEF1}.Release|Any CPU.Build.0 = Release|Any CPU
		{0D2127A2-1789-2EA6-C8F9-7079458380A0}.Debug|Any CPU.ActiveCfg = Debug|Any CPU
		{0D2127A2-1789-2EA6-C8F9-7079458380A0}.Debug|Any CPU.Build.0 = Debug|Any CPU
		{0D2127A2-1789-2EA6-C8F9-7079458380A0}.Release|Any CPU.ActiveCfg = Release|Any CPU
		{0D2127A2-1789-2EA6-C8F9-7079458380A0}.Release|Any CPU.Build.0 = Release|Any CPU
		{E400127B-AB64-4845-B903-AD2E8FF03E17}.Debug|Any CPU.ActiveCfg = Debug|Any CPU
		{E400127B-AB64-4845-B903-AD2E8FF03E17}.Debug|Any CPU.Build.0 = Debug|Any CPU
		{E400127B-AB64-4845-B903-AD2E8FF03E17}.Release|Any CPU.ActiveCfg = Release|Any CPU
		{E400127B-AB64-4845-B903-AD2E8FF03E17}.Release|Any CPU.Build.0 = Release|Any CPU
		{A73B67DC-8A33-EF5D-F081-4F51F7A068C1}.Debug|Any CPU.ActiveCfg = Debug|Any CPU
		{A73B67DC-8A33-EF5D-F081-4F51F7A068C1}.Debug|Any CPU.Build.0 = Debug|Any CPU
		{A73B67DC-8A33-EF5D-F081-4F51F7A068C1}.Release|Any CPU.ActiveCfg = Release|Any CPU
		{A73B67DC-8A33-EF5D-F081-4F51F7A068C1}.Release|Any CPU.Build.0 = Release|Any CPU
		{96D0A672-5FB0-17BA-C45B-E1453DD12577}.Debug|Any CPU.ActiveCfg = Debug|Any CPU
		{96D0A672-5FB0-17BA-C45B-E1453DD12577}.Debug|Any CPU.Build.0 = Debug|Any CPU
		{96D0A672-5FB0-17BA-C45B-E1453DD12577}.Release|Any CPU.ActiveCfg = Release|Any CPU
		{96D0A672-5FB0-17BA-C45B-E1453DD12577}.Release|Any CPU.Build.0 = Release|Any CPU
		{038AF512-B2CA-70A0-26BB-7B8F7D1E5ECF}.Debug|Any CPU.ActiveCfg = Debug|Any CPU
		{038AF512-B2CA-70A0-26BB-7B8F7D1E5ECF}.Debug|Any CPU.Build.0 = Debug|Any CPU
		{038AF512-B2CA-70A0-26BB-7B8F7D1E5ECF}.Release|Any CPU.ActiveCfg = Release|Any CPU
		{038AF512-B2CA-70A0-26BB-7B8F7D1E5ECF}.Release|Any CPU.Build.0 = Release|Any CPU
		{D6C183FA-8C8E-59EB-31D7-AEE9906A205F}.Debug|Any CPU.ActiveCfg = Debug|Any CPU
		{D6C183FA-8C8E-59EB-31D7-AEE9906A205F}.Debug|Any CPU.Build.0 = Debug|Any CPU
		{D6C183FA-8C8E-59EB-31D7-AEE9906A205F}.Release|Any CPU.ActiveCfg = Release|Any CPU
		{D6C183FA-8C8E-59EB-31D7-AEE9906A205F}.Release|Any CPU.Build.0 = Release|Any CPU
		{C90F079B-0A92-2D81-7177-A590E0E740C2}.Debug|Any CPU.ActiveCfg = Debug|Any CPU
		{C90F079B-0A92-2D81-7177-A590E0E740C2}.Debug|Any CPU.Build.0 = Debug|Any CPU
		{C90F079B-0A92-2D81-7177-A590E0E740C2}.Release|Any CPU.ActiveCfg = Release|Any CPU
		{C90F079B-0A92-2D81-7177-A590E0E740C2}.Release|Any CPU.Build.0 = Release|Any CPU
	EndGlobalSection
	GlobalSection(SolutionProperties) = preSolution
		HideSolutionNode = FALSE
	EndGlobalSection
	GlobalSection(NestedProjects) = preSolution
		{08C45EE2-22F3-4676-8380-7403FF65E917} = {02EA681E-C7D8-13C7-8484-4AC65E1B71E8}
		{DF5EB8C8-2BA0-49D9-8810-3A8E1BB8B129} = {02EA681E-C7D8-13C7-8484-4AC65E1B71E8}
		{C2D3047D-242E-4F86-B39A-D21742E30925} = {02EA681E-C7D8-13C7-8484-4AC65E1B71E8}
		{11B6C1F1-D7B7-43F4-B16B-DAF3A1164897} = {02EA681E-C7D8-13C7-8484-4AC65E1B71E8}
		{33932A40-314F-4D7A-BD90-1527E5D41E38} = {02EA681E-C7D8-13C7-8484-4AC65E1B71E8}
		{11FDA6BA-0713-4E4A-A69B-56EB0E775AC5} = {02EA681E-C7D8-13C7-8484-4AC65E1B71E8}
		{0F25EA59-8E87-F0C0-3675-76F4CAE843C2} = {33932A40-314F-4D7A-BD90-1527E5D41E38}
		{36984AED-FF74-ABA2-BC96-4101190C6758} = {33932A40-314F-4D7A-BD90-1527E5D41E38}
		{49E6B49B-1C0D-311B-975C-96BB940E6926} = {DF5EB8C8-2BA0-49D9-8810-3A8E1BB8B129}
		{8A59084E-7929-3547-A796-778AD02EDB04} = {DF5EB8C8-2BA0-49D9-8810-3A8E1BB8B129}
		{3F661A4A-C594-9141-8BA8-81006B09DEF1} = {11FDA6BA-0713-4E4A-A69B-56EB0E775AC5}
		{0D2127A2-1789-2EA6-C8F9-7079458380A0} = {11FDA6BA-0713-4E4A-A69B-56EB0E775AC5}
		{E400127B-AB64-4845-B903-AD2E8FF03E17} = {C2D3047D-242E-4F86-B39A-D21742E30925}
		{A73B67DC-8A33-EF5D-F081-4F51F7A068C1} = {C2D3047D-242E-4F86-B39A-D21742E30925}
		{96D0A672-5FB0-17BA-C45B-E1453DD12577} = {08C45EE2-22F3-4676-8380-7403FF65E917}
		{038AF512-B2CA-70A0-26BB-7B8F7D1E5ECF} = {08C45EE2-22F3-4676-8380-7403FF65E917}
		{D6C183FA-8C8E-59EB-31D7-AEE9906A205F} = {11B6C1F1-D7B7-43F4-B16B-DAF3A1164897}
		{C90F079B-0A92-2D81-7177-A590E0E740C2} = {11B6C1F1-D7B7-43F4-B16B-DAF3A1164897}
	EndGlobalSection
	GlobalSection(ExtensibilityGlobals) = postSolution
		SolutionGuid = {12FE62A5-8AA5-45CD-A129-DF44C0775252}
	EndGlobalSection
EndGlobal
