
Microsoft Visual Studio Solution File, Format Version 12.00
# Visual Studio Version 17
VisualStudioVersion = 17.12.35514.174
MinimumVisualStudioVersion = 10.0.40219.1
Project("{9A19103F-16F7-4668-BE54-9A1E7A4F7556}") = "Kuriimu2.ImGui", "src\ui\Kuriimu2.ImGui\Kuriimu2.ImGui.csproj", "{D611AC8F-E230-4267-9CAC-E0FDA9C45FFF}"
EndProject
Project("{2150E333-8FDC-42A3-9474-1A3956D46DE8}") = "Libraries", "Libraries", "{FD327DA5-6EC1-4483-A270-A18777D0C779}"
EndProject
Project("{2150E333-8FDC-42A3-9474-1A3956D46DE8}") = "Kanvas", "Kanvas", "{AE8FF8B0-8D07-4D5D-812D-199CDD895E41}"
EndProject
Project("{2150E333-8FDC-42A3-9474-1A3956D46DE8}") = "Konnect", "Konnect", "{09F3C6BC-81A4-441D-AE1C-6F7072DA5416}"
EndProject
Project("{2150E333-8FDC-42A3-9474-1A3956D46DE8}") = "Komponent", "Komponent", "{B638DD96-8EF8-4124-85C4-2FAF92889DE0}"
EndProject
Project("{2150E333-8FDC-42A3-9474-1A3956D46DE8}") = "Kaligraphy", "Kaligraphy", "{598F829F-3672-4E8D-B39A-CAE5A25CB543}"
EndProject
Project("{2150E333-8FDC-42A3-9474-1A3956D46DE8}") = "Kompression", "Kompression", "{5BD48537-73E2-40EA-B10B-73058FFF8862}"
EndProject
Project("{2150E333-8FDC-42A3-9474-1A3956D46DE8}") = "Kryptography", "Kryptography", "{BC0332F4-9021-455F-99E6-93EB5A82AD08}"
EndProject
Project("{FAE04EC0-301F-11D3-BF4B-00C04F79EFBC}") = "Kaligraphy", "src\lib\Kaligraphy\Kaligraphy.csproj", "{BB2297AD-032B-418C-88D2-4373352B0806}"
EndProject
Project("{FAE04EC0-301F-11D3-BF4B-00C04F79EFBC}") = "Kaligraphy.Contract", "src\lib\Kaligraphy.Contract\Kaligraphy.Contract.csproj", "{6BE9030D-705A-4BA1-A764-CE5480F0A586}"
EndProject
Project("{FAE04EC0-301F-11D3-BF4B-00C04F79EFBC}") = "Kanvas", "src\lib\Kanvas\Kanvas.csproj", "{0CC95C92-3BCE-481C-B73B-A86B26577B0A}"
EndProject
Project("{FAE04EC0-301F-11D3-BF4B-00C04F79EFBC}") = "Kanvas.Contract", "src\lib\Kanvas.Contract\Kanvas.Contract.csproj", "{B016DAF3-ADF0-47DF-989C-14E9D36028CD}"
EndProject
Project("{FAE04EC0-301F-11D3-BF4B-00C04F79EFBC}") = "Komponent", "src\lib\Komponent\Komponent.csproj", "{6171057E-7FC8-4EBE-B747-64FB2723F475}"
EndProject
Project("{FAE04EC0-301F-11D3-BF4B-00C04F79EFBC}") = "Komponent.Contract", "src\lib\Komponent.Contract\Komponent.Contract.csproj", "{2790A989-2435-4664-80F6-CBF0EF02FFBE}"
EndProject
Project("{FAE04EC0-301F-11D3-BF4B-00C04F79EFBC}") = "Kompression", "src\lib\Kompression\Kompression.csproj", "{B881B75C-BC90-4D41-AE9D-8D332483AF28}"
EndProject
Project("{FAE04EC0-301F-11D3-BF4B-00C04F79EFBC}") = "Kompression.Contract", "src\lib\Kompression.Contract\Kompression.Contract.csproj", "{90DD6F1F-19DB-4BA7-B146-EA4E984D600E}"
EndProject
Project("{FAE04EC0-301F-11D3-BF4B-00C04F79EFBC}") = "Konnect", "src\lib\Konnect\Konnect.csproj", "{FE36DB75-BD84-4932-A407-694D6E6FB1DA}"
EndProject
Project("{FAE04EC0-301F-11D3-BF4B-00C04F79EFBC}") = "Konnect.Contract", "src\lib\Konnect.Contract\Konnect.Contract.csproj", "{D60169AD-D2E6-4DD5-83B0-2445258F72C9}"
EndProject
Project("{FAE04EC0-301F-11D3-BF4B-00C04F79EFBC}") = "Kryptography", "src\lib\Kryptography\Kryptography.csproj", "{7636CC02-1A77-44B7-A0AC-9BB267BD1B27}"
EndProject
Project("{FAE04EC0-301F-11D3-BF4B-00C04F79EFBC}") = "Kryptography.Contract", "src\lib\Kryptography.Contract\Kryptography.Contract.csproj", "{CF50F653-3DDC-41E6-8A67-AAF1C317A4EC}"
EndProject
Global
	GlobalSection(SolutionConfigurationPlatforms) = preSolution
		Debug|Any CPU = Debug|Any CPU
		Release|Any CPU = Release|Any CPU
	EndGlobalSection
	GlobalSection(ProjectConfigurationPlatforms) = postSolution
		{D611AC8F-E230-4267-9CAC-E0FDA9C45FFF}.Debug|Any CPU.ActiveCfg = Debug|Any CPU
		{D611AC8F-E230-4267-9CAC-E0FDA9C45FFF}.Debug|Any CPU.Build.0 = Debug|Any CPU
		{D611AC8F-E230-4267-9CAC-E0FDA9C45FFF}.Release|Any CPU.ActiveCfg = Release|Any CPU
		{D611AC8F-E230-4267-9CAC-E0FDA9C45FFF}.Release|Any CPU.Build.0 = Release|Any CPU
		{BB2297AD-032B-418C-88D2-4373352B0806}.Debug|Any CPU.ActiveCfg = Debug|Any CPU
		{BB2297AD-032B-418C-88D2-4373352B0806}.Debug|Any CPU.Build.0 = Debug|Any CPU
		{BB2297AD-032B-418C-88D2-4373352B0806}.Release|Any CPU.ActiveCfg = Release|Any CPU
		{BB2297AD-032B-418C-88D2-4373352B0806}.Release|Any CPU.Build.0 = Release|Any CPU
		{6BE9030D-705A-4BA1-A764-CE5480F0A586}.Debug|Any CPU.ActiveCfg = Debug|Any CPU
		{6BE9030D-705A-4BA1-A764-CE5480F0A586}.Debug|Any CPU.Build.0 = Debug|Any CPU
		{6BE9030D-705A-4BA1-A764-CE5480F0A586}.Release|Any CPU.ActiveCfg = Release|Any CPU
		{6BE9030D-705A-4BA1-A764-CE5480F0A586}.Release|Any CPU.Build.0 = Release|Any CPU
		{0CC95C92-3BCE-481C-B73B-A86B26577B0A}.Debug|Any CPU.ActiveCfg = Debug|Any CPU
		{0CC95C92-3BCE-481C-B73B-A86B26577B0A}.Debug|Any CPU.Build.0 = Debug|Any CPU
		{0CC95C92-3BCE-481C-B73B-A86B26577B0A}.Release|Any CPU.ActiveCfg = Release|Any CPU
		{0CC95C92-3BCE-481C-B73B-A86B26577B0A}.Release|Any CPU.Build.0 = Release|Any CPU
		{B016DAF3-ADF0-47DF-989C-14E9D36028CD}.Debug|Any CPU.ActiveCfg = Debug|Any CPU
		{B016DAF3-ADF0-47DF-989C-14E9D36028CD}.Debug|Any CPU.Build.0 = Debug|Any CPU
		{B016DAF3-ADF0-47DF-989C-14E9D36028CD}.Release|Any CPU.ActiveCfg = Release|Any CPU
		{B016DAF3-ADF0-47DF-989C-14E9D36028CD}.Release|Any CPU.Build.0 = Release|Any CPU
		{6171057E-7FC8-4EBE-B747-64FB2723F475}.Debug|Any CPU.ActiveCfg = Debug|Any CPU
		{6171057E-7FC8-4EBE-B747-64FB2723F475}.Debug|Any CPU.Build.0 = Debug|Any CPU
		{6171057E-7FC8-4EBE-B747-64FB2723F475}.Release|Any CPU.ActiveCfg = Release|Any CPU
		{6171057E-7FC8-4EBE-B747-64FB2723F475}.Release|Any CPU.Build.0 = Release|Any CPU
		{2790A989-2435-4664-80F6-CBF0EF02FFBE}.Debug|Any CPU.ActiveCfg = Debug|Any CPU
		{2790A989-2435-4664-80F6-CBF0EF02FFBE}.Debug|Any CPU.Build.0 = Debug|Any CPU
		{2790A989-2435-4664-80F6-CBF0EF02FFBE}.Release|Any CPU.ActiveCfg = Release|Any CPU
		{2790A989-2435-4664-80F6-CBF0EF02FFBE}.Release|Any CPU.Build.0 = Release|Any CPU
		{B881B75C-BC90-4D41-AE9D-8D332483AF28}.Debug|Any CPU.ActiveCfg = Debug|Any CPU
		{B881B75C-BC90-4D41-AE9D-8D332483AF28}.Debug|Any CPU.Build.0 = Debug|Any CPU
		{B881B75C-BC90-4D41-AE9D-8D332483AF28}.Release|Any CPU.ActiveCfg = Release|Any CPU
		{B881B75C-BC90-4D41-AE9D-8D332483AF28}.Release|Any CPU.Build.0 = Release|Any CPU
		{90DD6F1F-19DB-4BA7-B146-EA4E984D600E}.Debug|Any CPU.ActiveCfg = Debug|Any CPU
		{90DD6F1F-19DB-4BA7-B146-EA4E984D600E}.Debug|Any CPU.Build.0 = Debug|Any CPU
		{90DD6F1F-19DB-4BA7-B146-EA4E984D600E}.Release|Any CPU.ActiveCfg = Release|Any CPU
		{90DD6F1F-19DB-4BA7-B146-EA4E984D600E}.Release|Any CPU.Build.0 = Release|Any CPU
		{FE36DB75-BD84-4932-A407-694D6E6FB1DA}.Debug|Any CPU.ActiveCfg = Debug|Any CPU
		{FE36DB75-BD84-4932-A407-694D6E6FB1DA}.Debug|Any CPU.Build.0 = Debug|Any CPU
		{FE36DB75-BD84-4932-A407-694D6E6FB1DA}.Release|Any CPU.ActiveCfg = Release|Any CPU
		{FE36DB75-BD84-4932-A407-694D6E6FB1DA}.Release|Any CPU.Build.0 = Release|Any CPU
		{D60169AD-D2E6-4DD5-83B0-2445258F72C9}.Debug|Any CPU.ActiveCfg = Debug|Any CPU
		{D60169AD-D2E6-4DD5-83B0-2445258F72C9}.Debug|Any CPU.Build.0 = Debug|Any CPU
		{D60169AD-D2E6-4DD5-83B0-2445258F72C9}.Release|Any CPU.ActiveCfg = Release|Any CPU
		{D60169AD-D2E6-4DD5-83B0-2445258F72C9}.Release|Any CPU.Build.0 = Release|Any CPU
		{7636CC02-1A77-44B7-A0AC-9BB267BD1B27}.Debug|Any CPU.ActiveCfg = Debug|Any CPU
		{7636CC02-1A77-44B7-A0AC-9BB267BD1B27}.Debug|Any CPU.Build.0 = Debug|Any CPU
		{7636CC02-1A77-44B7-A0AC-9BB267BD1B27}.Release|Any CPU.ActiveCfg = Release|Any CPU
		{7636CC02-1A77-44B7-A0AC-9BB267BD1B27}.Release|Any CPU.Build.0 = Release|Any CPU
		{CF50F653-3DDC-41E6-8A67-AAF1C317A4EC}.Debug|Any CPU.ActiveCfg = Debug|Any CPU
		{CF50F653-3DDC-41E6-8A67-AAF1C317A4EC}.Debug|Any CPU.Build.0 = Debug|Any CPU
		{CF50F653-3DDC-41E6-8A67-AAF1C317A4EC}.Release|Any CPU.ActiveCfg = Release|Any CPU
		{CF50F653-3DDC-41E6-8A67-AAF1C317A4EC}.Release|Any CPU.Build.0 = Release|Any CPU
	EndGlobalSection
	GlobalSection(SolutionProperties) = preSolution
		HideSolutionNode = FALSE
	EndGlobalSection
	GlobalSection(NestedProjects) = preSolution
		{AE8FF8B0-8D07-4D5D-812D-199CDD895E41} = {FD327DA5-6EC1-4483-A270-A18777D0C779}
		{09F3C6BC-81A4-441D-AE1C-6F7072DA5416} = {FD327DA5-6EC1-4483-A270-A18777D0C779}
		{B638DD96-8EF8-4124-85C4-2FAF92889DE0} = {FD327DA5-6EC1-4483-A270-A18777D0C779}
		{598F829F-3672-4E8D-B39A-CAE5A25CB543} = {FD327DA5-6EC1-4483-A270-A18777D0C779}
		{5BD48537-73E2-40EA-B10B-73058FFF8862} = {FD327DA5-6EC1-4483-A270-A18777D0C779}
		{BC0332F4-9021-455F-99E6-93EB5A82AD08} = {FD327DA5-6EC1-4483-A270-A18777D0C779}
		{BB2297AD-032B-418C-88D2-4373352B0806} = {598F829F-3672-4E8D-B39A-CAE5A25CB543}
		{6BE9030D-705A-4BA1-A764-CE5480F0A586} = {598F829F-3672-4E8D-B39A-CAE5A25CB543}
		{0CC95C92-3BCE-481C-B73B-A86B26577B0A} = {AE8FF8B0-8D07-4D5D-812D-199CDD895E41}
		{B016DAF3-ADF0-47DF-989C-14E9D36028CD} = {AE8FF8B0-8D07-4D5D-812D-199CDD895E41}
		{6171057E-7FC8-4EBE-B747-64FB2723F475} = {B638DD96-8EF8-4124-85C4-2FAF92889DE0}
		{2790A989-2435-4664-80F6-CBF0EF02FFBE} = {B638DD96-8EF8-4124-85C4-2FAF92889DE0}
		{B881B75C-BC90-4D41-AE9D-8D332483AF28} = {5BD48537-73E2-40EA-B10B-73058FFF8862}
		{90DD6F1F-19DB-4BA7-B146-EA4E984D600E} = {5BD48537-73E2-40EA-B10B-73058FFF8862}
		{FE36DB75-BD84-4932-A407-694D6E6FB1DA} = {09F3C6BC-81A4-441D-AE1C-6F7072DA5416}
		{D60169AD-D2E6-4DD5-83B0-2445258F72C9} = {09F3C6BC-81A4-441D-AE1C-6F7072DA5416}
		{7636CC02-1A77-44B7-A0AC-9BB267BD1B27} = {BC0332F4-9021-455F-99E6-93EB5A82AD08}
		{CF50F653-3DDC-41E6-8A67-AAF1C317A4EC} = {BC0332F4-9021-455F-99E6-93EB5A82AD08}
	EndGlobalSection
	GlobalSection(ExtensibilityGlobals) = postSolution
		SolutionGuid = {3FA5CAAD-AE7C-42CD-A73A-DA636E48A403}
	EndGlobalSection
EndGlobal
