
Microsoft Visual Studio Solution File, Format Version 12.00
# Visual Studio Version 16
VisualStudioVersion = 16.0.30804.86
MinimumVisualStudioVersion = 10.0.40219.1
Project("{FAE04EC0-301F-11D3-BF4B-00C04F79EFBC}") = "plugin_headstrong_games", "plugin_headstrong_games\plugin_headstrong_games.csproj", "{D8952F52-5BF5-41EB-888F-9A7E3364795C}"
EndProject
Global
	GlobalSection(SolutionConfigurationPlatforms) = preSolution
		Debug|Any CPU = Debug|Any CPU
		Release|Any CPU = Release|Any CPU
	EndGlobalSection
	GlobalSection(ProjectConfigurationPlatforms) = postSolution
		{D8952F52-5BF5-41EB-888F-9A7E3364795C}.Debug|Any CPU.ActiveCfg = Debug|Any CPU
		{D8952F52-5BF5-41EB-888F-9A7E3364795C}.Debug|Any CPU.Build.0 = Debug|Any CPU
		{D8952F52-5BF5-41EB-888F-9A7E3364795C}.Release|Any CPU.ActiveCfg = Release|Any CPU
		{D8952F52-5BF5-41EB-888F-9A7E3364795C}.Release|Any CPU.Build.0 = Release|Any CPU
	EndGlobalSection
	GlobalSection(SolutionProperties) = preSolution
		HideSolutionNode = FALSE
	EndGlobalSection
	GlobalSection(ExtensibilityGlobals) = postSolution
		SolutionGuid = {7BEFC939-0816-4BA1-8B39-AF3ED2B0D4BF}
	EndGlobalSection
EndGlobal
