
Microsoft Visual Studio Solution File, Format Version 12.00
# Visual Studio Version 17
VisualStudioVersion = 17.13.35825.156 d17.13
MinimumVisualStudioVersion = 10.0.40219.1
Project("{FAE04EC0-301F-11D3-BF4B-00C04F79EFBC}") = "plugin_sega", "plugin_sega\plugin_sega.csproj", "{8AD124BA-F7ED-442D-AB7F-975672237A34}"
EndProject
Global
	GlobalSection(SolutionConfigurationPlatforms) = preSolution
		Debug|Any CPU = Debug|Any CPU
		Release|Any CPU = Release|Any CPU
	EndGlobalSection
	GlobalSection(ProjectConfigurationPlatforms) = postSolution
		{8AD124BA-F7ED-442D-AB7F-975672237A34}.Debug|Any CPU.ActiveCfg = Debug|Any CPU
		{8AD124BA-F7ED-442D-AB7F-975672237A34}.Debug|Any CPU.Build.0 = Debug|Any CPU
		{8AD124BA-F7ED-442D-AB7F-975672237A34}.Release|Any CPU.ActiveCfg = Release|Any CPU
		{8AD124BA-F7ED-442D-AB7F-975672237A34}.Release|Any CPU.Build.0 = Release|Any CPU
	EndGlobalSection
	GlobalSection(SolutionProperties) = preSolution
		HideSolutionNode = FALSE
	EndGlobalSection
	GlobalSection(ExtensibilityGlobals) = postSolution
		SolutionGuid = {66305CDE-E3E8-47DD-AC35-BB3341C8EAD9}
	EndGlobalSection
EndGlobal
