
Microsoft Visual Studio Solution File, Format Version 12.00
# Visual Studio Version 16
VisualStudioVersion = 16.0.30804.86
MinimumVisualStudioVersion = 10.0.40219.1
Project("{FAE04EC0-301F-11D3-BF4B-00C04F79EFBC}") = "plugin_valkyria_chronicles", "plugin_valkyria_chronicles\plugin_valkyria_chronicles.csproj", "{B72A608F-68AA-47B3-B6F7-D322D7656F2D}"
EndProject
Project("{FAE04EC0-301F-11D3-BF4B-00C04F79EFBC}") = "plugin_space_channel_5", "plugin_space_channel_5\plugin_space_channel_5.csproj", "{2294DA3C-E109-40FD-86D0-2A62AFF26286}"
EndProject
Project("{9A19103F-16F7-4668-BE54-9A1E7A4F7556}") = "plugin_sega", "plugin_sega\plugin_sega.csproj", "{8AD124BA-F7ED-442D-AB7F-975672237A34}"
EndProject
Project("{FAE04EC0-301F-11D3-BF4B-00C04F79EFBC}") = "plugin_sonic_generations", "plugin_sonic_generations\plugin_sonic_generations.csproj", "{4A24B90C-BF27-4902-8510-39259631D5AD}"
EndProject
Global
	GlobalSection(SolutionConfigurationPlatforms) = preSolution
		Debug|Any CPU = Debug|Any CPU
		Release|Any CPU = Release|Any CPU
	EndGlobalSection
	GlobalSection(ProjectConfigurationPlatforms) = postSolution
		{B72A608F-68AA-47B3-B6F7-D322D7656F2D}.Debug|Any CPU.ActiveCfg = Debug|Any CPU
		{B72A608F-68AA-47B3-B6F7-D322D7656F2D}.Debug|Any CPU.Build.0 = Debug|Any CPU
		{B72A608F-68AA-47B3-B6F7-D322D7656F2D}.Release|Any CPU.ActiveCfg = Release|Any CPU
		{B72A608F-68AA-47B3-B6F7-D322D7656F2D}.Release|Any CPU.Build.0 = Release|Any CPU
		{2294DA3C-E109-40FD-86D0-2A62AFF26286}.Debug|Any CPU.ActiveCfg = Debug|Any CPU
		{2294DA3C-E109-40FD-86D0-2A62AFF26286}.Debug|Any CPU.Build.0 = Debug|Any CPU
		{2294DA3C-E109-40FD-86D0-2A62AFF26286}.Release|Any CPU.ActiveCfg = Release|Any CPU
		{2294DA3C-E109-40FD-86D0-2A62AFF26286}.Release|Any CPU.Build.0 = Release|Any CPU
		{8AD124BA-F7ED-442D-AB7F-975672237A34}.Debug|Any CPU.ActiveCfg = Debug|Any CPU
		{8AD124BA-F7ED-442D-AB7F-975672237A34}.Debug|Any CPU.Build.0 = Debug|Any CPU
		{8AD124BA-F7ED-442D-AB7F-975672237A34}.Release|Any CPU.ActiveCfg = Release|Any CPU
		{8AD124BA-F7ED-442D-AB7F-975672237A34}.Release|Any CPU.Build.0 = Release|Any CPU
		{4A24B90C-BF27-4902-8510-39259631D5AD}.Debug|Any CPU.ActiveCfg = Debug|Any CPU
		{4A24B90C-BF27-4902-8510-39259631D5AD}.Debug|Any CPU.Build.0 = Debug|Any CPU
		{4A24B90C-BF27-4902-8510-39259631D5AD}.Release|Any CPU.ActiveCfg = Release|Any CPU
		{4A24B90C-BF27-4902-8510-39259631D5AD}.Release|Any CPU.Build.0 = Release|Any CPU
	EndGlobalSection
	GlobalSection(SolutionProperties) = preSolution
		HideSolutionNode = FALSE
	EndGlobalSection
	GlobalSection(ExtensibilityGlobals) = postSolution
		SolutionGuid = {66305CDE-E3E8-47DD-AC35-BB3341C8EAD9}
	EndGlobalSection
EndGlobal
