
Microsoft Visual Studio Solution File, Format Version 12.00
# Visual Studio 15
VisualStudioVersion = 15.0.28307.329
MinimumVisualStudioVersion = 10.0.40219.1
Global
	GlobalSection(SolutionConfigurationPlatforms) = preSolution
		Debug|Any CPU = Debug|Any CPU
		Release|Any CPU = Release|Any CPU
	EndGlobalSection
	GlobalSection(ProjectConfigurationPlatforms) = postSolution
		{962C4E20-AE75-47EF-A570-8319FAE9E302}.Debug|Any CPU.ActiveCfg = Debug|Any CPU
		{962C4E20-AE75-47EF-A570-8319FAE9E302}.Debug|Any CPU.Build.0 = Debug|Any CPU
		{962C4E20-AE75-47EF-A570-8319FAE9E302}.Release|Any CPU.ActiveCfg = Release|Any CPU
		{962C4E20-AE75-47EF-A570-8319FAE9E302}.Release|Any CPU.Build.0 = Release|Any CPU
	EndGlobalSection
	GlobalSection(SolutionProperties) = preSolution
		HideSolutionNode = FALSE
	EndGlobalSection
	GlobalSection(ExtensibilityGlobals) = postSolution
		SolutionGuid = {9E80D993-3C1B-4F50-B753-47410D7A9282}
	EndGlobalSection
EndGlobal
