
Microsoft Visual Studio Solution File, Format Version 12.00
# Visual Studio Version 16
VisualStudioVersion = 16.0.28803.202
MinimumVisualStudioVersion = 10.0.40219.1
Project("{FAE04EC0-301F-11D3-BF4B-00C04F79EFBC}") = "plugin_krypto_aes", "plugin_krypto_aes\plugin_krypto_aes.csproj", "{3B527CF3-B0D6-450F-9EF7-DEB854A5FAE3}"
EndProject
Project("{FAE04EC0-301F-11D3-BF4B-00C04F79EFBC}") = "plugin_krypto_rot", "plugin_krypto_rot\plugin_krypto_rot.csproj", "{1BE80D57-6E57-4790-BFE1-2E6898B51234}"
EndProject
Project("{FAE04EC0-301F-11D3-BF4B-00C04F79EFBC}") = "plugin_krypto_xor", "plugin_krypto_xor\plugin_krypto_xor.csproj", "{0708B0F4-7DBD-4461-9D2A-7D6B9AB01E14}"
EndProject
Project("{FAE04EC0-301F-11D3-BF4B-00C04F79EFBC}") = "plugin_krypto_nintendo", "plugin_krypto_nintendo\plugin_krypto_nintendo.csproj", "{74C23886-A187-4662-A6F8-9A84BEA7874C}"
EndProject
Global
	GlobalSection(SolutionConfigurationPlatforms) = preSolution
		Debug|Any CPU = Debug|Any CPU
		Release|Any CPU = Release|Any CPU
	EndGlobalSection
	GlobalSection(ProjectConfigurationPlatforms) = postSolution
		{3B527CF3-B0D6-450F-9EF7-DEB854A5FAE3}.Debug|Any CPU.ActiveCfg = Debug|Any CPU
		{3B527CF3-B0D6-450F-9EF7-DEB854A5FAE3}.Debug|Any CPU.Build.0 = Debug|Any CPU
		{3B527CF3-B0D6-450F-9EF7-DEB854A5FAE3}.Release|Any CPU.ActiveCfg = Release|Any CPU
		{3B527CF3-B0D6-450F-9EF7-DEB854A5FAE3}.Release|Any CPU.Build.0 = Release|Any CPU
		{1BE80D57-6E57-4790-BFE1-2E6898B51234}.Debug|Any CPU.ActiveCfg = Debug|Any CPU
		{1BE80D57-6E57-4790-BFE1-2E6898B51234}.Debug|Any CPU.Build.0 = Debug|Any CPU
		{1BE80D57-6E57-4790-BFE1-2E6898B51234}.Release|Any CPU.ActiveCfg = Release|Any CPU
		{1BE80D57-6E57-4790-BFE1-2E6898B51234}.Release|Any CPU.Build.0 = Release|Any CPU
		{0708B0F4-7DBD-4461-9D2A-7D6B9AB01E14}.Debug|Any CPU.ActiveCfg = Debug|Any CPU
		{0708B0F4-7DBD-4461-9D2A-7D6B9AB01E14}.Debug|Any CPU.Build.0 = Debug|Any CPU
		{0708B0F4-7DBD-4461-9D2A-7D6B9AB01E14}.Release|Any CPU.ActiveCfg = Release|Any CPU
		{0708B0F4-7DBD-4461-9D2A-7D6B9AB01E14}.Release|Any CPU.Build.0 = Release|Any CPU
		{74C23886-A187-4662-A6F8-9A84BEA7874C}.Debug|Any CPU.ActiveCfg = Debug|Any CPU
		{74C23886-A187-4662-A6F8-9A84BEA7874C}.Debug|Any CPU.Build.0 = Debug|Any CPU
		{74C23886-A187-4662-A6F8-9A84BEA7874C}.Release|Any CPU.ActiveCfg = Release|Any CPU
		{74C23886-A187-4662-A6F8-9A84BEA7874C}.Release|Any CPU.Build.0 = Release|Any CPU
	EndGlobalSection
	GlobalSection(SolutionProperties) = preSolution
		HideSolutionNode = FALSE
	EndGlobalSection
	GlobalSection(ExtensibilityGlobals) = postSolution
		SolutionGuid = {9E80D993-3C1B-4F50-B753-47410D7A9282}
	EndGlobalSection
EndGlobal
