
Microsoft Visual Studio Solution File, Format Version 12.00
# Visual Studio Version 16
VisualStudioVersion = 16.0.30309.148
MinimumVisualStudioVersion = 10.0.40219.1
Project("{9A19103F-16F7-4668-BE54-9A1E7A4F7556}") = "plugin_square_enix", "plugin_square_enix\plugin_square_enix.csproj", "{D45753D3-3FD8-4536-A685-6D0E705322DB}"
EndProject
Project("{FAE04EC0-301F-11D3-BF4B-00C04F79EFBC}") = "plugin_cavia", "plugin_cavia\plugin_cavia.csproj", "{F86A162D-6AB9-432B-9EE4-265E39D7F7F1}"
EndProject
Global
	GlobalSection(SolutionConfigurationPlatforms) = preSolution
		Debug|Any CPU = Debug|Any CPU
		Release|Any CPU = Release|Any CPU
	EndGlobalSection
	GlobalSection(ProjectConfigurationPlatforms) = postSolution
		{D45753D3-3FD8-4536-A685-6D0E705322DB}.Debug|Any CPU.ActiveCfg = Debug|Any CPU
		{D45753D3-3FD8-4536-A685-6D0E705322DB}.Debug|Any CPU.Build.0 = Debug|Any CPU
		{D45753D3-3FD8-4536-A685-6D0E705322DB}.Release|Any CPU.ActiveCfg = Release|Any CPU
		{D45753D3-3FD8-4536-A685-6D0E705322DB}.Release|Any CPU.Build.0 = Release|Any CPU
		{F86A162D-6AB9-432B-9EE4-265E39D7F7F1}.Debug|Any CPU.ActiveCfg = Debug|Any CPU
		{F86A162D-6AB9-432B-9EE4-265E39D7F7F1}.Debug|Any CPU.Build.0 = Debug|Any CPU
		{F86A162D-6AB9-432B-9EE4-265E39D7F7F1}.Release|Any CPU.ActiveCfg = Release|Any CPU
		{F86A162D-6AB9-432B-9EE4-265E39D7F7F1}.Release|Any CPU.Build.0 = Release|Any CPU
	EndGlobalSection
	GlobalSection(SolutionProperties) = preSolution
		HideSolutionNode = FALSE
	EndGlobalSection
	GlobalSection(ExtensibilityGlobals) = postSolution
		SolutionGuid = {FDC38F21-E15B-4A98-BBC7-FA759CFB28FD}
	EndGlobalSection
EndGlobal
