
Microsoft Visual Studio Solution File, Format Version 12.00
# Visual Studio Version 17
VisualStudioVersion = 17.13.35825.156 d17.13
MinimumVisualStudioVersion = 10.0.40219.1
Project("{9A19103F-16F7-4668-BE54-9A1E7A4F7556}") = "plugin_bandai_namco", "plugin_bandai_namco\plugin_bandai_namco.csproj", "{2B791BDB-AA3B-47A1-BD39-FED868123A1C}"
EndProject
Project("{FAE04EC0-301F-11D3-BF4B-00C04F79EFBC}") = "plugin_ganbarion", "plugin_ganbarion\plugin_ganbarion.csproj", "{37FEA5B4-1294-48CE-97FC-889BA204282A}"
EndProject
Project("{FAE04EC0-301F-11D3-BF4B-00C04F79EFBC}") = "plugin_shift", "plugin_shift\plugin_shift.csproj", "{52B1BD5C-2ECE-8BB3-8DED-8727D7F66AD6}"
EndProject
Global
	GlobalSection(SolutionConfigurationPlatforms) = preSolution
		Debug|Any CPU = Debug|Any CPU
		Release|Any CPU = Release|Any CPU
	EndGlobalSection
	GlobalSection(ProjectConfigurationPlatforms) = postSolution
		{2B791BDB-AA3B-47A1-BD39-FED868123A1C}.Debug|Any CPU.ActiveCfg = Debug|Any CPU
		{2B791BDB-AA3B-47A1-BD39-FED868123A1C}.Debug|Any CPU.Build.0 = Debug|Any CPU
		{2B791BDB-AA3B-47A1-BD39-FED868123A1C}.Release|Any CPU.ActiveCfg = Release|Any CPU
		{2B791BDB-AA3B-47A1-BD39-FED868123A1C}.Release|Any CPU.Build.0 = Release|Any CPU
		{37FEA5B4-1294-48CE-97FC-889BA204282A}.Debug|Any CPU.ActiveCfg = Debug|Any CPU
		{37FEA5B4-1294-48CE-97FC-889BA204282A}.Debug|Any CPU.Build.0 = Debug|Any CPU
		{37FEA5B4-1294-48CE-97FC-889BA204282A}.Release|Any CPU.ActiveCfg = Release|Any CPU
		{37FEA5B4-1294-48CE-97FC-889BA204282A}.Release|Any CPU.Build.0 = Release|Any CPU
		{52B1BD5C-2ECE-8BB3-8DED-8727D7F66AD6}.Debug|Any CPU.ActiveCfg = Debug|Any CPU
		{52B1BD5C-2ECE-8BB3-8DED-8727D7F66AD6}.Debug|Any CPU.Build.0 = Debug|Any CPU
		{52B1BD5C-2ECE-8BB3-8DED-8727D7F66AD6}.Release|Any CPU.ActiveCfg = Release|Any CPU
		{52B1BD5C-2ECE-8BB3-8DED-8727D7F66AD6}.Release|Any CPU.Build.0 = Release|Any CPU
	EndGlobalSection
	GlobalSection(SolutionProperties) = preSolution
		HideSolutionNode = FALSE
	EndGlobalSection
	GlobalSection(ExtensibilityGlobals) = postSolution
		SolutionGuid = {DD80EB5C-7655-4035-A2C8-22E1C52C0FEC}
	EndGlobalSection
EndGlobal
