
Microsoft Visual Studio Solution File, Format Version 12.00
# Visual Studio Version 16
VisualStudioVersion = 16.0.28803.202
MinimumVisualStudioVersion = 10.0.40219.1
Project("{FAE04EC0-301F-11D3-BF4B-00C04F79EFBC}") = "plugin_bandai_namco", "plugin_bandai_namco\plugin_bandai_namco.csproj", "{2B791BDB-AA3B-47A1-BD39-FED868123A1C}"
EndProject
Global
	GlobalSection(SolutionConfigurationPlatforms) = preSolution
		Debug|Any CPU = Debug|Any CPU
		Release|Any CPU = Release|Any CPU
	EndGlobalSection
	GlobalSection(ProjectConfigurationPlatforms) = postSolution
		{2B791BDB-AA3B-47A1-BD39-FED868123A1C}.Debug|Any CPU.ActiveCfg = Debug|Any CPU
		{2B791BDB-AA3B-47A1-BD39-FED868123A1C}.Debug|Any CPU.Build.0 = Debug|Any CPU
		{2B791BDB-AA3B-47A1-BD39-FED868123A1C}.Release|Any CPU.ActiveCfg = Release|Any CPU
		{2B791BDB-AA3B-47A1-BD39-FED868123A1C}.Release|Any CPU.Build.0 = Release|Any CPU
	EndGlobalSection
	GlobalSection(SolutionProperties) = preSolution
		HideSolutionNode = FALSE
	EndGlobalSection
	GlobalSection(ExtensibilityGlobals) = postSolution
		SolutionGuid = {DD80EB5C-7655-4035-A2C8-22E1C52C0FEC}
	EndGlobalSection
EndGlobal
