
Microsoft Visual Studio Solution File, Format Version 12.00
# Visual Studio Version 16
VisualStudioVersion = 16.0.30804.86
MinimumVisualStudioVersion = 10.0.40219.1
Project("{FAE04EC0-301F-11D3-BF4B-00C04F79EFBC}") = "plugin_furyu", "plugin_furyu\plugin_furyu.csproj", "{2C868ECF-66E8-433F-B35C-A2BF028D2FAB}"
EndProject
Global
	GlobalSection(SolutionConfigurationPlatforms) = preSolution
		Debug|Any CPU = Debug|Any CPU
		Release|Any CPU = Release|Any CPU
	EndGlobalSection
	GlobalSection(ProjectConfigurationPlatforms) = postSolution
		{2C868ECF-66E8-433F-B35C-A2BF028D2FAB}.Debug|Any CPU.ActiveCfg = Debug|Any CPU
		{2C868ECF-66E8-433F-B35C-A2BF028D2FAB}.Debug|Any CPU.Build.0 = Debug|Any CPU
		{2C868ECF-66E8-433F-B35C-A2BF028D2FAB}.Release|Any CPU.ActiveCfg = Release|Any CPU
		{2C868ECF-66E8-433F-B35C-A2BF028D2FAB}.Release|Any CPU.Build.0 = Release|Any CPU
	EndGlobalSection
	GlobalSection(SolutionProperties) = preSolution
		HideSolutionNode = FALSE
	EndGlobalSection
	GlobalSection(ExtensibilityGlobals) = postSolution
		SolutionGuid = {80FAF52B-DB3B-40F7-BE47-B910CE9FFBEE}
	EndGlobalSection
EndGlobal
