
Microsoft Visual Studio Solution File, Format Version 12.00
# Visual Studio 15
VisualStudioVersion = 15.0.28307.106
MinimumVisualStudioVersion = 10.0.40219.1
Project("{FAE04EC0-301F-11D3-BF4B-00C04F79EFBC}") = "plugin_e.x._troopers", "plugin_e.x._troopers\plugin_e.x._troopers.csproj", "{90D4FDF5-7A02-4A0F-A6C0-C4216FC97C12}"
EndProject
Project("{FAE04EC0-301F-11D3-BF4B-00C04F79EFBC}") = "plugin_mt_framework", "plugin_mt_framework\plugin_mt_framework.csproj", "{8A2D2E53-E6CE-4026-9F1B-2710AE5FC5FC}"
EndProject
Global
	GlobalSection(SolutionConfigurationPlatforms) = preSolution
		Debug|Any CPU = Debug|Any CPU
		Release|Any CPU = Release|Any CPU
	EndGlobalSection
	GlobalSection(ProjectConfigurationPlatforms) = postSolution
		{90D4FDF5-7A02-4A0F-A6C0-C4216FC97C12}.Debug|Any CPU.ActiveCfg = Debug|Any CPU
		{90D4FDF5-7A02-4A0F-A6C0-C4216FC97C12}.Debug|Any CPU.Build.0 = Debug|Any CPU
		{90D4FDF5-7A02-4A0F-A6C0-C4216FC97C12}.Release|Any CPU.ActiveCfg = Release|Any CPU
		{90D4FDF5-7A02-4A0F-A6C0-C4216FC97C12}.Release|Any CPU.Build.0 = Release|Any CPU
		{8A2D2E53-E6CE-4026-9F1B-2710AE5FC5FC}.Debug|Any CPU.ActiveCfg = Debug|Any CPU
		{8A2D2E53-E6CE-4026-9F1B-2710AE5FC5FC}.Debug|Any CPU.Build.0 = Debug|Any CPU
		{8A2D2E53-E6CE-4026-9F1B-2710AE5FC5FC}.Release|Any CPU.ActiveCfg = Release|Any CPU
		{8A2D2E53-E6CE-4026-9F1B-2710AE5FC5FC}.Release|Any CPU.Build.0 = Release|Any CPU
	EndGlobalSection
	GlobalSection(SolutionProperties) = preSolution
		HideSolutionNode = FALSE
	EndGlobalSection
	GlobalSection(ExtensibilityGlobals) = postSolution
		SolutionGuid = {7B8B6B95-3256-4E40-A235-1C4DDABB38A0}
	EndGlobalSection
EndGlobal
