
Microsoft Visual Studio Solution File, Format Version 12.00
# Visual Studio Version 16
VisualStudioVersion = 16.0.28803.156
MinimumVisualStudioVersion = 10.0.40219.1
Project("{FAE04EC0-301F-11D3-BF4B-00C04F79EFBC}") = "plugin_kanvas_encodings", "plugin_kanvas_encodings\plugin_kanvas_encodings.csproj", "{05B3082B-4544-4D25-8F0D-3B130DAD231C}"
EndProject
Project("{FAE04EC0-301F-11D3-BF4B-00C04F79EFBC}") = "plugin_kanvas_swizzles", "plugin_kanvas_swizzles\plugin_kanvas_swizzles.csproj", "{1D1EA5F7-AB7B-45AE-8147-FD335CDCCD03}"
EndProject
Global
	GlobalSection(SolutionConfigurationPlatforms) = preSolution
		Debug|Any CPU = Debug|Any CPU
		Release|Any CPU = Release|Any CPU
	EndGlobalSection
	GlobalSection(ProjectConfigurationPlatforms) = postSolution
		{05B3082B-4544-4D25-8F0D-3B130DAD231C}.Debug|Any CPU.ActiveCfg = Debug|Any CPU
		{05B3082B-4544-4D25-8F0D-3B130DAD231C}.Debug|Any CPU.Build.0 = Debug|Any CPU
		{05B3082B-4544-4D25-8F0D-3B130DAD231C}.Release|Any CPU.ActiveCfg = Release|Any CPU
		{05B3082B-4544-4D25-8F0D-3B130DAD231C}.Release|Any CPU.Build.0 = Release|Any CPU
		{1D1EA5F7-AB7B-45AE-8147-FD335CDCCD03}.Debug|Any CPU.ActiveCfg = Debug|Any CPU
		{1D1EA5F7-AB7B-45AE-8147-FD335CDCCD03}.Debug|Any CPU.Build.0 = Debug|Any CPU
		{1D1EA5F7-AB7B-45AE-8147-FD335CDCCD03}.Release|Any CPU.ActiveCfg = Release|Any CPU
		{1D1EA5F7-AB7B-45AE-8147-FD335CDCCD03}.Release|Any CPU.Build.0 = Release|Any CPU
	EndGlobalSection
	GlobalSection(SolutionProperties) = preSolution
		HideSolutionNode = FALSE
	EndGlobalSection
	GlobalSection(ExtensibilityGlobals) = postSolution
		SolutionGuid = {1EEA0AF8-AE18-4AB8-8E72-6E63C9AF9D13}
	EndGlobalSection
EndGlobal
