
Microsoft Visual Studio Solution File, Format Version 12.00
# Visual Studio 15
VisualStudioVersion = 15.0.28010.2036
MinimumVisualStudioVersion = 10.0.40219.1
Project("{FAE04EC0-301F-11D3-BF4B-00C04F79EFBC}") = "WinFormsTest", "WinFormsTest\WinFormsTest.csproj", "{11E76408-418F-421A-A78A-15FC42BA3B57}"
EndProject
Project("{FAE04EC0-301F-11D3-BF4B-00C04F79EFBC}") = "Kontract", "..\..\src\Kontract\Kontract.csproj", "{A43ECC92-DC90-4F79-9871-49E02A11ADAD}"
EndProject
Project("{FAE04EC0-301F-11D3-BF4B-00C04F79EFBC}") = "Kuriimu2_WinForms", "..\..\src\Kuriimu2_WinForms\Kuriimu2_WinForms.csproj", "{0BD4CBA2-FEA2-42A1-92E0-FB7BA4F389C4}"
EndProject
Global
	GlobalSection(SolutionConfigurationPlatforms) = preSolution
		Debug|Any CPU = Debug|Any CPU
		Release|Any CPU = Release|Any CPU
	EndGlobalSection
	GlobalSection(ProjectConfigurationPlatforms) = postSolution
		{11E76408-418F-421A-A78A-15FC42BA3B57}.Debug|Any CPU.ActiveCfg = Debug|Any CPU
		{11E76408-418F-421A-A78A-15FC42BA3B57}.Debug|Any CPU.Build.0 = Debug|Any CPU
		{11E76408-418F-421A-A78A-15FC42BA3B57}.Release|Any CPU.ActiveCfg = Release|Any CPU
		{11E76408-418F-421A-A78A-15FC42BA3B57}.Release|Any CPU.Build.0 = Release|Any CPU
		{A43ECC92-DC90-4F79-9871-49E02A11ADAD}.Debug|Any CPU.ActiveCfg = Debug|Any CPU
		{A43ECC92-DC90-4F79-9871-49E02A11ADAD}.Debug|Any CPU.Build.0 = Debug|Any CPU
		{A43ECC92-DC90-4F79-9871-49E02A11ADAD}.Release|Any CPU.ActiveCfg = Release|Any CPU
		{A43ECC92-DC90-4F79-9871-49E02A11ADAD}.Release|Any CPU.Build.0 = Release|Any CPU
		{0BD4CBA2-FEA2-42A1-92E0-FB7BA4F389C4}.Debug|Any CPU.ActiveCfg = Debug|Any CPU
		{0BD4CBA2-FEA2-42A1-92E0-FB7BA4F389C4}.Debug|Any CPU.Build.0 = Debug|Any CPU
		{0BD4CBA2-FEA2-42A1-92E0-FB7BA4F389C4}.Release|Any CPU.ActiveCfg = Release|Any CPU
		{0BD4CBA2-FEA2-42A1-92E0-FB7BA4F389C4}.Release|Any CPU.Build.0 = Release|Any CPU
	EndGlobalSection
	GlobalSection(SolutionProperties) = preSolution
		HideSolutionNode = FALSE
	EndGlobalSection
	GlobalSection(ExtensibilityGlobals) = postSolution
		SolutionGuid = {5781F3C6-E3EE-4D72-924D-70173E8B46DE}
	EndGlobalSection
EndGlobal
