
Microsoft Visual Studio Solution File, Format Version 12.00
# Visual Studio Version 16
VisualStudioVersion = 16.0.30309.148
MinimumVisualStudioVersion = 10.0.40219.1
Project("{FAE04EC0-301F-11D3-BF4B-00C04F79EFBC}") = "plugin_atlus", "plugin_atlus\plugin_atlus.csproj", "{A42CFD0D-DB4F-4FF2-B8CF-8AC2C84D6A9D}"
EndProject
Global
	GlobalSection(SolutionConfigurationPlatforms) = preSolution
		Debug|Any CPU = Debug|Any CPU
		Release|Any CPU = Release|Any CPU
	EndGlobalSection
	GlobalSection(ProjectConfigurationPlatforms) = postSolution
		{A42CFD0D-DB4F-4FF2-B8CF-8AC2C84D6A9D}.Debug|Any CPU.ActiveCfg = Debug|Any CPU
		{A42CFD0D-DB4F-4FF2-B8CF-8AC2C84D6A9D}.Debug|Any CPU.Build.0 = Debug|Any CPU
		{A42CFD0D-DB4F-4FF2-B8CF-8AC2C84D6A9D}.Release|Any CPU.ActiveCfg = Release|Any CPU
		{A42CFD0D-DB4F-4FF2-B8CF-8AC2C84D6A9D}.Release|Any CPU.Build.0 = Release|Any CPU
	EndGlobalSection
	GlobalSection(SolutionProperties) = preSolution
		HideSolutionNode = FALSE
	EndGlobalSection
	GlobalSection(ExtensibilityGlobals) = postSolution
		SolutionGuid = {847695ED-DBBD-456B-BBC9-6B1782FCAE51}
	EndGlobalSection
EndGlobal
