
Microsoft Visual Studio Solution File, Format Version 12.00
# Visual Studio Version 16
VisualStudioVersion = 16.0.30804.86
MinimumVisualStudioVersion = 10.0.40219.1
Project("{FAE04EC0-301F-11D3-BF4B-00C04F79EFBC}") = "plugin_dotemu", "plugin_dotemu\plugin_dotemu.csproj", "{AFBFA078-877E-45BA-AABF-908ACCFCE714}"
EndProject
Global
	GlobalSection(SolutionConfigurationPlatforms) = preSolution
		Debug|Any CPU = Debug|Any CPU
		Release|Any CPU = Release|Any CPU
	EndGlobalSection
	GlobalSection(ProjectConfigurationPlatforms) = postSolution
		{AFBFA078-877E-45BA-AABF-908ACCFCE714}.Debug|Any CPU.ActiveCfg = Debug|Any CPU
		{AFBFA078-877E-45BA-AABF-908ACCFCE714}.Debug|Any CPU.Build.0 = Debug|Any CPU
		{AFBFA078-877E-45BA-AABF-908ACCFCE714}.Release|Any CPU.ActiveCfg = Release|Any CPU
		{AFBFA078-877E-45BA-AABF-908ACCFCE714}.Release|Any CPU.Build.0 = Release|Any CPU
	EndGlobalSection
	GlobalSection(SolutionProperties) = preSolution
		HideSolutionNode = FALSE
	EndGlobalSection
	GlobalSection(ExtensibilityGlobals) = postSolution
		SolutionGuid = {0400E71A-DD22-4D1F-84B4-00BA140C00DB}
	EndGlobalSection
EndGlobal
