
Microsoft Visual Studio Solution File, Format Version 12.00
# Visual Studio Version 16
VisualStudioVersion = 16.0.29613.14
MinimumVisualStudioVersion = 10.0.40219.1
Project("{9A19103F-16F7-4668-BE54-9A1E7A4F7556}") = "plugin_tri_ace", "plugin_tri_ace\plugin_tri_ace.csproj", "{5E847B56-C408-43EB-92EF-A398429C36B8}"
EndProject
Project("{FAE04EC0-301F-11D3-BF4B-00C04F79EFBC}") = "plugin_konami", "plugin_konami\plugin_konami.csproj", "{82A01034-BBEF-4C3C-BFE6-BAB8CEB53C22}"
EndProject
Global
	GlobalSection(SolutionConfigurationPlatforms) = preSolution
		Debug|Any CPU = Debug|Any CPU
		Release|Any CPU = Release|Any CPU
	EndGlobalSection
	GlobalSection(ProjectConfigurationPlatforms) = postSolution
		{5E847B56-C408-43EB-92EF-A398429C36B8}.Debug|Any CPU.ActiveCfg = Debug|Any CPU
		{5E847B56-C408-43EB-92EF-A398429C36B8}.Debug|Any CPU.Build.0 = Debug|Any CPU
		{5E847B56-C408-43EB-92EF-A398429C36B8}.Release|Any CPU.ActiveCfg = Release|Any CPU
		{5E847B56-C408-43EB-92EF-A398429C36B8}.Release|Any CPU.Build.0 = Release|Any CPU
		{82A01034-BBEF-4C3C-BFE6-BAB8CEB53C22}.Debug|Any CPU.ActiveCfg = Debug|Any CPU
		{82A01034-BBEF-4C3C-BFE6-BAB8CEB53C22}.Debug|Any CPU.Build.0 = Debug|Any CPU
		{82A01034-BBEF-4C3C-BFE6-BAB8CEB53C22}.Release|Any CPU.ActiveCfg = Release|Any CPU
		{82A01034-BBEF-4C3C-BFE6-BAB8CEB53C22}.Release|Any CPU.Build.0 = Release|Any CPU
	EndGlobalSection
	GlobalSection(SolutionProperties) = preSolution
		HideSolutionNode = FALSE
	EndGlobalSection
	GlobalSection(ExtensibilityGlobals) = postSolution
		SolutionGuid = {5D6C2DC0-AD85-42FC-93A5-22FC60B4159B}
	EndGlobalSection
EndGlobal
