
Microsoft Visual Studio Solution File, Format Version 12.00
# Visual Studio Version 16
VisualStudioVersion = 16.0.30804.86
MinimumVisualStudioVersion = 10.0.40219.1
Project("{FAE04EC0-301F-11D3-BF4B-00C04F79EFBC}") = "plugin_khronos_group", "plugin_khronos_group\plugin_khronos_group.csproj", "{8993A8BE-0486-49F1-A141-18D2B2813E44}"
EndProject
Global
	GlobalSection(SolutionConfigurationPlatforms) = preSolution
		Debug|Any CPU = Debug|Any CPU
		Release|Any CPU = Release|Any CPU
	EndGlobalSection
	GlobalSection(ProjectConfigurationPlatforms) = postSolution
		{8993A8BE-0486-49F1-A141-18D2B2813E44}.Debug|Any CPU.ActiveCfg = Debug|Any CPU
		{8993A8BE-0486-49F1-A141-18D2B2813E44}.Debug|Any CPU.Build.0 = Debug|Any CPU
		{8993A8BE-0486-49F1-A141-18D2B2813E44}.Release|Any CPU.ActiveCfg = Release|Any CPU
		{8993A8BE-0486-49F1-A141-18D2B2813E44}.Release|Any CPU.Build.0 = Release|Any CPU
	EndGlobalSection
	GlobalSection(SolutionProperties) = preSolution
		HideSolutionNode = FALSE
	EndGlobalSection
	GlobalSection(ExtensibilityGlobals) = postSolution
		SolutionGuid = {4566844E-BC5E-4CBB-AEAB-1F76846A1DE7}
	EndGlobalSection
EndGlobal
