
Microsoft Visual Studio Solution File, Format Version 12.00
# Visual Studio Version 16
VisualStudioVersion = 16.0.30309.148
MinimumVisualStudioVersion = 10.0.40219.1
Project("{FAE04EC0-301F-11D3-BF4B-00C04F79EFBC}") = "plugin_cattle_call", "plugin_cattle_call\plugin_cattle_call.csproj", "{E18D6503-3993-4A42-ABAE-E5F3E495EAA0}"
EndProject
Project("{FAE04EC0-301F-11D3-BF4B-00C04F79EFBC}") = "plugin_kadokawa", "plugin_kadokawa\plugin_kadokawa.csproj", "{16319611-624A-4422-A1F6-3559E1A53329}"
EndProject
Global
	GlobalSection(SolutionConfigurationPlatforms) = preSolution
		Debug|Any CPU = Debug|Any CPU
		Release|Any CPU = Release|Any CPU
	EndGlobalSection
	GlobalSection(ProjectConfigurationPlatforms) = postSolution
		{E18D6503-3993-4A42-ABAE-E5F3E495EAA0}.Debug|Any CPU.ActiveCfg = Debug|Any CPU
		{E18D6503-3993-4A42-ABAE-E5F3E495EAA0}.Debug|Any CPU.Build.0 = Debug|Any CPU
		{E18D6503-3993-4A42-ABAE-E5F3E495EAA0}.Release|Any CPU.ActiveCfg = Release|Any CPU
		{E18D6503-3993-4A42-ABAE-E5F3E495EAA0}.Release|Any CPU.Build.0 = Release|Any CPU
		{16319611-624A-4422-A1F6-3559E1A53329}.Debug|Any CPU.ActiveCfg = Debug|Any CPU
		{16319611-624A-4422-A1F6-3559E1A53329}.Debug|Any CPU.Build.0 = Debug|Any CPU
		{16319611-624A-4422-A1F6-3559E1A53329}.Release|Any CPU.ActiveCfg = Release|Any CPU
		{16319611-624A-4422-A1F6-3559E1A53329}.Release|Any CPU.Build.0 = Release|Any CPU
	EndGlobalSection
	GlobalSection(SolutionProperties) = preSolution
		HideSolutionNode = FALSE
	EndGlobalSection
	GlobalSection(ExtensibilityGlobals) = postSolution
		SolutionGuid = {4613EE49-67EC-4058-8BFC-8279290A2F27}
	EndGlobalSection
EndGlobal
